
Microsoft Visual Studio Solution File, Format Version 12.00
# Visual Studio 15
VisualStudioVersion = 15.0.28307.136
MinimumVisualStudioVersion = 10.0.40219.1
Project("{FAE04EC0-301F-11D3-BF4B-00C04F79EFBC}") = "Space-Invaders", "Space-Invaders\Space-Invaders.csproj", "{7704A4CA-D868-4DAF-86D6-E81362413633}"
EndProject
Global
	GlobalSection(SolutionConfigurationPlatforms) = preSolution
		Debug|x86 = Debug|x86
		Release|x86 = Release|x86
	EndGlobalSection
	GlobalSection(ProjectConfigurationPlatforms) = postSolution
		{7704A4CA-D868-4DAF-86D6-E81362413633}.Debug|x86.ActiveCfg = Debug|x86
		{7704A4CA-D868-4DAF-86D6-E81362413633}.Debug|x86.Build.0 = Debug|x86
		{7704A4CA-D868-4DAF-86D6-E81362413633}.Release|x86.ActiveCfg = Release|x86
		{7704A4CA-D868-4DAF-86D6-E81362413633}.Release|x86.Build.0 = Release|x86
	EndGlobalSection
	GlobalSection(SolutionProperties) = preSolution
		HideSolutionNode = FALSE
	EndGlobalSection
	GlobalSection(ExtensibilityGlobals) = postSolution
		SolutionGuid = {279CB3CE-3BE4-4AA0-9069-972C94E9E555}
	EndGlobalSection
EndGlobal
